
Microsoft Visual Studio Solution File, Format Version 11.00
# Visual Studio 2010
Project("{FAE04EC0-301F-11D3-BF4B-00C04F79EFBC}") = "Pariwisata_Palembang", "Assembly-CSharp.csproj", "{10B9F74B-CAEB-791C-89F5-0238ACB058AA}"
EndProject
Project("{FAE04EC0-301F-11D3-BF4B-00C04F79EFBC}") = "Pariwisata_Palembang", "Assembly-CSharp-Editor.csproj", "{8B859D47-1D7C-2D56-406E-F9421B8E38A3}"
EndProject
Global
	GlobalSection(SolutionConfigurationPlatforms) = preSolution
		Debug|Any CPU = Debug|Any CPU
		Release|Any CPU = Release|Any CPU
	EndGlobalSection
	GlobalSection(ProjectConfigurationPlatforms) = postSolution
		{10B9F74B-CAEB-791C-89F5-0238ACB058AA}.Debug|Any CPU.ActiveCfg = Debug|Any CPU
		{10B9F74B-CAEB-791C-89F5-0238ACB058AA}.Debug|Any CPU.Build.0 = Debug|Any CPU
		{10B9F74B-CAEB-791C-89F5-0238ACB058AA}.Release|Any CPU.ActiveCfg = Release|Any CPU
		{10B9F74B-CAEB-791C-89F5-0238ACB058AA}.Release|Any CPU.Build.0 = Release|Any CPU
		{8B859D47-1D7C-2D56-406E-F9421B8E38A3}.Debug|Any CPU.ActiveCfg = Debug|Any CPU
		{8B859D47-1D7C-2D56-406E-F9421B8E38A3}.Debug|Any CPU.Build.0 = Debug|Any CPU
		{8B859D47-1D7C-2D56-406E-F9421B8E38A3}.Release|Any CPU.ActiveCfg = Release|Any CPU
		{8B859D47-1D7C-2D56-406E-F9421B8E38A3}.Release|Any CPU.Build.0 = Release|Any CPU
	EndGlobalSection
	GlobalSection(SolutionProperties) = preSolution
		HideSolutionNode = FALSE
	EndGlobalSection
	GlobalSection(MonoDevelopProperties) = preSolution
		StartupItem = Assembly-CSharp.csproj
	EndGlobalSection
EndGlobal
